// !$*UTF8*$!
{
	archiveVersion = 1;
	classes = {
	};
	objectVersion = 46;
	objects = {

/* Begin PBXBuildFile section */
		8C02672D1E140EF9001901F7 /* Program.swift in Sources */ = {isa = PBXBuildFile; fileRef = 8C02672C1E140EF9001901F7 /* Program.swift */; };
		8C0267311E141001001901F7 /* Day.swift in Sources */ = {isa = PBXBuildFile; fileRef = 8C0267301E141001001901F7 /* Day.swift */; };
		8C0267331E141015001901F7 /* Week.swift in Sources */ = {isa = PBXBuildFile; fileRef = 8C0267321E141015001901F7 /* Week.swift */; };
		8C0267351E1410D1001901F7 /* Exercise.swift in Sources */ = {isa = PBXBuildFile; fileRef = 8C0267341E1410D1001901F7 /* Exercise.swift */; };
		8C0267371E141198001901F7 /* Set.swift in Sources */ = {isa = PBXBuildFile; fileRef = 8C0267361E141198001901F7 /* Set.swift */; };
		8C02673B1E141687001901F7 /* DataProviding.swift in Sources */ = {isa = PBXBuildFile; fileRef = 8C02673A1E141687001901F7 /* DataProviding.swift */; };
		8C02673D1E1416E4001901F7 /* MockDataProvider.swift in Sources */ = {isa = PBXBuildFile; fileRef = 8C02673C1E1416E4001901F7 /* MockDataProvider.swift */; };
		8C02673F1E152896001901F7 /* Main.storyboard in Resources */ = {isa = PBXBuildFile; fileRef = 8C02673E1E152896001901F7 /* Main.storyboard */; };
		8C0267431E152903001901F7 /* ProgramListViewController.swift in Sources */ = {isa = PBXBuildFile; fileRef = 8C0267421E152903001901F7 /* ProgramListViewController.swift */; };
		8C02674B1E153CB4001901F7 /* WeekViewController.swift in Sources */ = {isa = PBXBuildFile; fileRef = 8C02674A1E153CB4001901F7 /* WeekViewController.swift */; };
		8C02674E1E153F44001901F7 /* CellTitleProviding.swift in Sources */ = {isa = PBXBuildFile; fileRef = 8C02674D1E153F44001901F7 /* CellTitleProviding.swift */; };
		8C0267501E154276001901F7 /* DayViewController.swift in Sources */ = {isa = PBXBuildFile; fileRef = 8C02674F1E154276001901F7 /* DayViewController.swift */; };
		8C0267561E15486D001901F7 /* ExerciseTableViewCell.swift in Sources */ = {isa = PBXBuildFile; fileRef = 8C0267551E15486D001901F7 /* ExerciseTableViewCell.swift */; };
		8C0267581E154E9F001901F7 /* ExerciseResultsView.swift in Sources */ = {isa = PBXBuildFile; fileRef = 8C0267571E154E9F001901F7 /* ExerciseResultsView.swift */; };
		8C02675D1E1553E3001901F7 /* ExerciseResultsView.xib in Resources */ = {isa = PBXBuildFile; fileRef = 8C02675C1E1553E3001901F7 /* ExerciseResultsView.xib */; };
		8C2A31A21E1409BD000C109F /* AppDelegate.swift in Sources */ = {isa = PBXBuildFile; fileRef = 8C2A31A11E1409BD000C109F /* AppDelegate.swift */; };
		8C2A31A91E1409BE000C109F /* Assets.xcassets in Resources */ = {isa = PBXBuildFile; fileRef = 8C2A31A81E1409BE000C109F /* Assets.xcassets */; };
		8C2A31AC1E1409BE000C109F /* LaunchScreen.storyboard in Resources */ = {isa = PBXBuildFile; fileRef = 8C2A31AA1E1409BE000C109F /* LaunchScreen.storyboard */; };
		8C2A31B71E1409BE000C109F /* RippedTests.swift in Sources */ = {isa = PBXBuildFile; fileRef = 8C2A31B61E1409BE000C109F /* RippedTests.swift */; };
		8C2A31C21E1409BE000C109F /* RippedUITests.swift in Sources */ = {isa = PBXBuildFile; fileRef = 8C2A31C11E1409BE000C109F /* RippedUITests.swift */; };
		8C61AC8E1E54A16D0092DFCC /* Realm.framework in Frameworks */ = {isa = PBXBuildFile; fileRef = 8C61AC8C1E54A16D0092DFCC /* Realm.framework */; };
		8C61AC8F1E54A16D0092DFCC /* Realm.framework in Embed Frameworks */ = {isa = PBXBuildFile; fileRef = 8C61AC8C1E54A16D0092DFCC /* Realm.framework */; settings = {ATTRIBUTES = (CodeSignOnCopy, RemoveHeadersOnCopy, ); }; };
		8C61AC901E54A16D0092DFCC /* RealmSwift.framework in Frameworks */ = {isa = PBXBuildFile; fileRef = 8C61AC8D1E54A16D0092DFCC /* RealmSwift.framework */; };
		8C61AC911E54A16D0092DFCC /* RealmSwift.framework in Embed Frameworks */ = {isa = PBXBuildFile; fileRef = 8C61AC8D1E54A16D0092DFCC /* RealmSwift.framework */; settings = {ATTRIBUTES = (CodeSignOnCopy, RemoveHeadersOnCopy, ); }; };
		8CA436931E49D77A0052816D /* ProgramViewModel.swift in Sources */ = {isa = PBXBuildFile; fileRef = 8CA436921E49D77A0052816D /* ProgramViewModel.swift */; };
		8CA436951E49DC6C0052816D /* WeekViewModel.swift in Sources */ = {isa = PBXBuildFile; fileRef = 8CA436941E49DC6C0052816D /* WeekViewModel.swift */; };
		8CA436971E49DDB20052816D /* ProgramViewController.swift in Sources */ = {isa = PBXBuildFile; fileRef = 8CA436961E49DDB20052816D /* ProgramViewController.swift */; };
		8CA436991E49DF6C0052816D /* DayViewModel.swift in Sources */ = {isa = PBXBuildFile; fileRef = 8CA436981E49DF6C0052816D /* DayViewModel.swift */; };
		8CDE6B561E2BA4F3003F5672 /* TableViewController.swift in Sources */ = {isa = PBXBuildFile; fileRef = 8CDE6B551E2BA4F3003F5672 /* TableViewController.swift */; };
		8CDE6B581E2BA53C003F5672 /* TableViewModel.swift in Sources */ = {isa = PBXBuildFile; fileRef = 8CDE6B571E2BA53C003F5672 /* TableViewModel.swift */; };
		8CDE6B5A1E2BA91E003F5672 /* ProgramListViewModel.swift in Sources */ = {isa = PBXBuildFile; fileRef = 8CDE6B591E2BA91E003F5672 /* ProgramListViewModel.swift */; };
/* End PBXBuildFile section */

/* Begin PBXContainerItemProxy section */
		8C2A31B31E1409BE000C109F /* PBXContainerItemProxy */ = {
			isa = PBXContainerItemProxy;
			containerPortal = 8C2A31961E1409BD000C109F /* Project object */;
			proxyType = 1;
			remoteGlobalIDString = 8C2A319D1E1409BD000C109F;
			remoteInfo = Ripped;
		};
		8C2A31BE1E1409BE000C109F /* PBXContainerItemProxy */ = {
			isa = PBXContainerItemProxy;
			containerPortal = 8C2A31961E1409BD000C109F /* Project object */;
			proxyType = 1;
			remoteGlobalIDString = 8C2A319D1E1409BD000C109F;
			remoteInfo = Ripped;
		};
/* End PBXContainerItemProxy section */

/* Begin PBXCopyFilesBuildPhase section */
		8C61AC921E54A16D0092DFCC /* Embed Frameworks */ = {
			isa = PBXCopyFilesBuildPhase;
			buildActionMask = 2147483647;
			dstPath = "";
			dstSubfolderSpec = 10;
			files = (
				8C61AC911E54A16D0092DFCC /* RealmSwift.framework in Embed Frameworks */,
				8C61AC8F1E54A16D0092DFCC /* Realm.framework in Embed Frameworks */,
			);
			name = "Embed Frameworks";
			runOnlyForDeploymentPostprocessing = 0;
		};
/* End PBXCopyFilesBuildPhase section */

/* Begin PBXFileReference section */
		8C02672C1E140EF9001901F7 /* Program.swift */ = {isa = PBXFileReference; fileEncoding = 4; lastKnownFileType = sourcecode.swift; name = Program.swift; path = Data/Program.swift; sourceTree = "<group>"; };
		8C0267301E141001001901F7 /* Day.swift */ = {isa = PBXFileReference; fileEncoding = 4; lastKnownFileType = sourcecode.swift; name = Day.swift; path = Data/Day.swift; sourceTree = "<group>"; };
		8C0267321E141015001901F7 /* Week.swift */ = {isa = PBXFileReference; fileEncoding = 4; lastKnownFileType = sourcecode.swift; name = Week.swift; path = Data/Week.swift; sourceTree = "<group>"; };
		8C0267341E1410D1001901F7 /* Exercise.swift */ = {isa = PBXFileReference; fileEncoding = 4; lastKnownFileType = sourcecode.swift; name = Exercise.swift; path = Data/Exercise.swift; sourceTree = "<group>"; };
		8C0267361E141198001901F7 /* Set.swift */ = {isa = PBXFileReference; fileEncoding = 4; lastKnownFileType = sourcecode.swift; name = Set.swift; path = Data/Set.swift; sourceTree = "<group>"; };
		8C02673A1E141687001901F7 /* DataProviding.swift */ = {isa = PBXFileReference; fileEncoding = 4; lastKnownFileType = sourcecode.swift; name = DataProviding.swift; path = Data/DataProviding.swift; sourceTree = "<group>"; };
		8C02673C1E1416E4001901F7 /* MockDataProvider.swift */ = {isa = PBXFileReference; fileEncoding = 4; lastKnownFileType = sourcecode.swift; name = MockDataProvider.swift; path = Data/MockDataProvider.swift; sourceTree = "<group>"; };
		8C02673E1E152896001901F7 /* Main.storyboard */ = {isa = PBXFileReference; fileEncoding = 4; lastKnownFileType = file.storyboard; name = Main.storyboard; path = Screens/Main.storyboard; sourceTree = "<group>"; };
		8C0267421E152903001901F7 /* ProgramListViewController.swift */ = {isa = PBXFileReference; fileEncoding = 4; lastKnownFileType = sourcecode.swift; name = ProgramListViewController.swift; path = UI/ProgramListViewController.swift; sourceTree = "<group>"; };
		8C02674A1E153CB4001901F7 /* WeekViewController.swift */ = {isa = PBXFileReference; fileEncoding = 4; lastKnownFileType = sourcecode.swift; name = WeekViewController.swift; path = UI/WeekViewController.swift; sourceTree = "<group>"; };
		8C02674D1E153F44001901F7 /* CellTitleProviding.swift */ = {isa = PBXFileReference; fileEncoding = 4; lastKnownFileType = sourcecode.swift; name = CellTitleProviding.swift; path = Protocols/CellTitleProviding.swift; sourceTree = "<group>"; };
		8C02674F1E154276001901F7 /* DayViewController.swift */ = {isa = PBXFileReference; fileEncoding = 4; lastKnownFileType = sourcecode.swift; name = DayViewController.swift; path = UI/DayViewController.swift; sourceTree = "<group>"; };
		8C0267551E15486D001901F7 /* ExerciseTableViewCell.swift */ = {isa = PBXFileReference; fileEncoding = 4; lastKnownFileType = sourcecode.swift; name = ExerciseTableViewCell.swift; path = UI/ExerciseTableViewCell.swift; sourceTree = "<group>"; };
		8C0267571E154E9F001901F7 /* ExerciseResultsView.swift */ = {isa = PBXFileReference; fileEncoding = 4; lastKnownFileType = sourcecode.swift; name = ExerciseResultsView.swift; path = UI/ExerciseResultsView.swift; sourceTree = "<group>"; };
		8C02675C1E1553E3001901F7 /* ExerciseResultsView.xib */ = {isa = PBXFileReference; fileEncoding = 4; lastKnownFileType = file.xib; name = ExerciseResultsView.xib; path = UI/ExerciseResultsView.xib; sourceTree = "<group>"; };
		8C2A319E1E1409BD000C109F /* Ripped.app */ = {isa = PBXFileReference; explicitFileType = wrapper.application; includeInIndex = 0; path = Ripped.app; sourceTree = BUILT_PRODUCTS_DIR; };
		8C2A31A11E1409BD000C109F /* AppDelegate.swift */ = {isa = PBXFileReference; lastKnownFileType = sourcecode.swift; path = AppDelegate.swift; sourceTree = "<group>"; };
		8C2A31A81E1409BE000C109F /* Assets.xcassets */ = {isa = PBXFileReference; lastKnownFileType = folder.assetcatalog; path = Assets.xcassets; sourceTree = "<group>"; };
		8C2A31AB1E1409BE000C109F /* Base */ = {isa = PBXFileReference; lastKnownFileType = file.storyboard; name = Base; path = Base.lproj/LaunchScreen.storyboard; sourceTree = "<group>"; };
		8C2A31AD1E1409BE000C109F /* Info.plist */ = {isa = PBXFileReference; lastKnownFileType = text.plist.xml; path = Info.plist; sourceTree = "<group>"; };
		8C2A31B21E1409BE000C109F /* RippedTests.xctest */ = {isa = PBXFileReference; explicitFileType = wrapper.cfbundle; includeInIndex = 0; path = RippedTests.xctest; sourceTree = BUILT_PRODUCTS_DIR; };
		8C2A31B61E1409BE000C109F /* RippedTests.swift */ = {isa = PBXFileReference; lastKnownFileType = sourcecode.swift; path = RippedTests.swift; sourceTree = "<group>"; };
		8C2A31B81E1409BE000C109F /* Info.plist */ = {isa = PBXFileReference; lastKnownFileType = text.plist.xml; path = Info.plist; sourceTree = "<group>"; };
		8C2A31BD1E1409BE000C109F /* RippedUITests.xctest */ = {isa = PBXFileReference; explicitFileType = wrapper.cfbundle; includeInIndex = 0; path = RippedUITests.xctest; sourceTree = BUILT_PRODUCTS_DIR; };
		8C2A31C11E1409BE000C109F /* RippedUITests.swift */ = {isa = PBXFileReference; lastKnownFileType = sourcecode.swift; path = RippedUITests.swift; sourceTree = "<group>"; };
		8C2A31C31E1409BE000C109F /* Info.plist */ = {isa = PBXFileReference; lastKnownFileType = text.plist.xml; path = Info.plist; sourceTree = "<group>"; };
		8C61AC8B1E54A0AC0092DFCC /* Ripped.entitlements */ = {isa = PBXFileReference; lastKnownFileType = text.plist.entitlements; path = Ripped.entitlements; sourceTree = "<group>"; };
		8C61AC8C1E54A16D0092DFCC /* Realm.framework */ = {isa = PBXFileReference; lastKnownFileType = wrapper.framework; path = Realm.framework; sourceTree = "<group>"; };
		8C61AC8D1E54A16D0092DFCC /* RealmSwift.framework */ = {isa = PBXFileReference; lastKnownFileType = wrapper.framework; path = RealmSwift.framework; sourceTree = "<group>"; };
		8CA436921E49D77A0052816D /* ProgramViewModel.swift */ = {isa = PBXFileReference; fileEncoding = 4; lastKnownFileType = sourcecode.swift; name = ProgramViewModel.swift; path = UI/ProgramViewModel.swift; sourceTree = "<group>"; };
		8CA436941E49DC6C0052816D /* WeekViewModel.swift */ = {isa = PBXFileReference; fileEncoding = 4; lastKnownFileType = sourcecode.swift; name = WeekViewModel.swift; path = UI/WeekViewModel.swift; sourceTree = "<group>"; };
		8CA436961E49DDB20052816D /* ProgramViewController.swift */ = {isa = PBXFileReference; fileEncoding = 4; lastKnownFileType = sourcecode.swift; name = ProgramViewController.swift; path = UI/ProgramViewController.swift; sourceTree = "<group>"; };
		8CA436981E49DF6C0052816D /* DayViewModel.swift */ = {isa = PBXFileReference; fileEncoding = 4; lastKnownFileType = sourcecode.swift; name = DayViewModel.swift; path = UI/DayViewModel.swift; sourceTree = "<group>"; };
		8CDE6B551E2BA4F3003F5672 /* TableViewController.swift */ = {isa = PBXFileReference; fileEncoding = 4; lastKnownFileType = sourcecode.swift; name = TableViewController.swift; path = UI/TableViewController.swift; sourceTree = "<group>"; };
		8CDE6B571E2BA53C003F5672 /* TableViewModel.swift */ = {isa = PBXFileReference; fileEncoding = 4; lastKnownFileType = sourcecode.swift; name = TableViewModel.swift; path = UI/TableViewModel.swift; sourceTree = "<group>"; };
		8CDE6B591E2BA91E003F5672 /* ProgramListViewModel.swift */ = {isa = PBXFileReference; fileEncoding = 4; lastKnownFileType = sourcecode.swift; name = ProgramListViewModel.swift; path = UI/ProgramListViewModel.swift; sourceTree = "<group>"; };
/* End PBXFileReference section */

/* Begin PBXFrameworksBuildPhase section */
		8C2A319B1E1409BD000C109F /* Frameworks */ = {
			isa = PBXFrameworksBuildPhase;
			buildActionMask = 2147483647;
			files = (
				8C61AC901E54A16D0092DFCC /* RealmSwift.framework in Frameworks */,
				8C61AC8E1E54A16D0092DFCC /* Realm.framework in Frameworks */,
			);
			runOnlyForDeploymentPostprocessing = 0;
		};
		8C2A31AF1E1409BE000C109F /* Frameworks */ = {
			isa = PBXFrameworksBuildPhase;
			buildActionMask = 2147483647;
			files = (
			);
			runOnlyForDeploymentPostprocessing = 0;
		};
		8C2A31BA1E1409BE000C109F /* Frameworks */ = {
			isa = PBXFrameworksBuildPhase;
			buildActionMask = 2147483647;
			files = (
			);
			runOnlyForDeploymentPostprocessing = 0;
		};
/* End PBXFrameworksBuildPhase section */

/* Begin PBXGroup section */
		8C02672B1E140ECB001901F7 /* Data */ = {
			isa = PBXGroup;
			children = (
				8C0267391E141672001901F7 /* Models */,
				8C02673A1E141687001901F7 /* DataProviding.swift */,
				8C02673C1E1416E4001901F7 /* MockDataProvider.swift */,
			);
			name = Data;
			sourceTree = "<group>";
		};
		8C0267391E141672001901F7 /* Models */ = {
			isa = PBXGroup;
			children = (
				8C02672C1E140EF9001901F7 /* Program.swift */,
				8C0267321E141015001901F7 /* Week.swift */,
				8C0267301E141001001901F7 /* Day.swift */,
				8C0267341E1410D1001901F7 /* Exercise.swift */,
				8C0267361E141198001901F7 /* Set.swift */,
			);
			name = Models;
			sourceTree = "<group>";
		};
		8C02674C1E153F25001901F7 /* Protocols */ = {
			isa = PBXGroup;
			children = (
				8C02674D1E153F44001901F7 /* CellTitleProviding.swift */,
			);
			name = Protocols;
			sourceTree = "<group>";
		};
		8C0267511E1547FD001901F7 /* Program List */ = {
			isa = PBXGroup;
			children = (
				8C0267421E152903001901F7 /* ProgramListViewController.swift */,
				8CDE6B591E2BA91E003F5672 /* ProgramListViewModel.swift */,
			);
			name = "Program List";
			sourceTree = "<group>";
		};
		8C0267521E154803001901F7 /* Program Details */ = {
			isa = PBXGroup;
			children = (
				8CA436961E49DDB20052816D /* ProgramViewController.swift */,
				8CA436921E49D77A0052816D /* ProgramViewModel.swift */,
			);
			name = "Program Details";
			sourceTree = "<group>";
		};
		8C0267531E15480F001901F7 /* Day Screen */ = {
			isa = PBXGroup;
			children = (
				8CDCE0271E4A0590005A5D81 /* Exercise Table View Cell */,
				8C02675E1E1553E7001901F7 /* Exercise Results View */,
				8C02674F1E154276001901F7 /* DayViewController.swift */,
				8CA436981E49DF6C0052816D /* DayViewModel.swift */,
			);
			name = "Day Screen";
			sourceTree = "<group>";
		};
		8C0267541E154832001901F7 /* Week Screen */ = {
			isa = PBXGroup;
			children = (
				8C02674A1E153CB4001901F7 /* WeekViewController.swift */,
				8CA436941E49DC6C0052816D /* WeekViewModel.swift */,
			);
			name = "Week Screen";
			sourceTree = "<group>";
		};
		8C02675E1E1553E7001901F7 /* Exercise Results View */ = {
			isa = PBXGroup;
			children = (
				8C02675C1E1553E3001901F7 /* ExerciseResultsView.xib */,
				8C0267571E154E9F001901F7 /* ExerciseResultsView.swift */,
			);
			name = "Exercise Results View";
			sourceTree = "<group>";
		};
		8C2A31951E1409BD000C109F = {
			isa = PBXGroup;
			children = (
				8C2A31A01E1409BD000C109F /* Ripped */,
				8C2A31B51E1409BE000C109F /* RippedTests */,
				8C2A31C01E1409BE000C109F /* RippedUITests */,
				8C2A319F1E1409BD000C109F /* Products */,
				8C61AC931E54A1780092DFCC /* External */,
			);
			sourceTree = "<group>";
		};
		8C2A319F1E1409BD000C109F /* Products */ = {
			isa = PBXGroup;
			children = (
				8C2A319E1E1409BD000C109F /* Ripped.app */,
				8C2A31B21E1409BE000C109F /* RippedTests.xctest */,
				8C2A31BD1E1409BE000C109F /* RippedUITests.xctest */,
			);
			name = Products;
			sourceTree = "<group>";
		};
		8C2A31A01E1409BD000C109F /* Ripped */ = {
			isa = PBXGroup;
			children = (
				8C61AC8B1E54A0AC0092DFCC /* Ripped.entitlements */,
				8C02674C1E153F25001901F7 /* Protocols */,
				8C02672B1E140ECB001901F7 /* Data */,
				8C2A31CF1E140AA1000C109F /* UI */,
				8C2A31A11E1409BD000C109F /* AppDelegate.swift */,
				8C2A31A81E1409BE000C109F /* Assets.xcassets */,
				8C2A31AA1E1409BE000C109F /* LaunchScreen.storyboard */,
				8C2A31AD1E1409BE000C109F /* Info.plist */,
			);
			path = Ripped;
			sourceTree = "<group>";
		};
		8C2A31B51E1409BE000C109F /* RippedTests */ = {
			isa = PBXGroup;
			children = (
				8C2A31B61E1409BE000C109F /* RippedTests.swift */,
				8C2A31B81E1409BE000C109F /* Info.plist */,
			);
			path = RippedTests;
			sourceTree = "<group>";
		};
		8C2A31C01E1409BE000C109F /* RippedUITests */ = {
			isa = PBXGroup;
			children = (
				8C2A31C11E1409BE000C109F /* RippedUITests.swift */,
				8C2A31C31E1409BE000C109F /* Info.plist */,
			);
			path = RippedUITests;
			sourceTree = "<group>";
		};
		8C2A31CF1E140AA1000C109F /* UI */ = {
			isa = PBXGroup;
			children = (
				8CDCE0281E4A05A8005A5D81 /* Base */,
				8C0267511E1547FD001901F7 /* Program List */,
				8C0267521E154803001901F7 /* Program Details */,
				8C0267541E154832001901F7 /* Week Screen */,
				8C0267531E15480F001901F7 /* Day Screen */,
				8C02673E1E152896001901F7 /* Main.storyboard */,
			);
			name = UI;
			sourceTree = "<group>";
		};
		8C61AC931E54A1780092DFCC /* External */ = {
			isa = PBXGroup;
			children = (
				8C61AC941E54A17E0092DFCC /* Realm */,
			);
			name = External;
			sourceTree = "<group>";
		};
		8C61AC941E54A17E0092DFCC /* Realm */ = {
			isa = PBXGroup;
			children = (
				8C61AC8C1E54A16D0092DFCC /* Realm.framework */,
				8C61AC8D1E54A16D0092DFCC /* RealmSwift.framework */,
			);
			name = Realm;
			sourceTree = "<group>";
		};
		8CDCE0271E4A0590005A5D81 /* Exercise Table View Cell */ = {
			isa = PBXGroup;
			children = (
				8C0267551E15486D001901F7 /* ExerciseTableViewCell.swift */,
			);
			name = "Exercise Table View Cell";
			sourceTree = "<group>";
		};
		8CDCE0281E4A05A8005A5D81 /* Base */ = {
			isa = PBXGroup;
			children = (
				8CDE6B551E2BA4F3003F5672 /* TableViewController.swift */,
				8CDE6B571E2BA53C003F5672 /* TableViewModel.swift */,
			);
			name = Base;
			sourceTree = "<group>";
		};
/* End PBXGroup section */

/* Begin PBXNativeTarget section */
		8C2A319D1E1409BD000C109F /* Ripped */ = {
			isa = PBXNativeTarget;
			buildConfigurationList = 8C2A31C61E1409BE000C109F /* Build configuration list for PBXNativeTarget "Ripped" */;
			buildPhases = (
				8C2A319A1E1409BD000C109F /* Sources */,
				8C2A319B1E1409BD000C109F /* Frameworks */,
				8C2A319C1E1409BD000C109F /* Resources */,
				8C61AC921E54A16D0092DFCC /* Embed Frameworks */,
			);
			buildRules = (
			);
			dependencies = (
			);
			name = Ripped;
			productName = Ripped;
			productReference = 8C2A319E1E1409BD000C109F /* Ripped.app */;
			productType = "com.apple.product-type.application";
		};
		8C2A31B11E1409BE000C109F /* RippedTests */ = {
			isa = PBXNativeTarget;
			buildConfigurationList = 8C2A31C91E1409BE000C109F /* Build configuration list for PBXNativeTarget "RippedTests" */;
			buildPhases = (
				8C2A31AE1E1409BE000C109F /* Sources */,
				8C2A31AF1E1409BE000C109F /* Frameworks */,
				8C2A31B01E1409BE000C109F /* Resources */,
			);
			buildRules = (
			);
			dependencies = (
				8C2A31B41E1409BE000C109F /* PBXTargetDependency */,
			);
			name = RippedTests;
			productName = RippedTests;
			productReference = 8C2A31B21E1409BE000C109F /* RippedTests.xctest */;
			productType = "com.apple.product-type.bundle.unit-test";
		};
		8C2A31BC1E1409BE000C109F /* RippedUITests */ = {
			isa = PBXNativeTarget;
			buildConfigurationList = 8C2A31CC1E1409BE000C109F /* Build configuration list for PBXNativeTarget "RippedUITests" */;
			buildPhases = (
				8C2A31B91E1409BE000C109F /* Sources */,
				8C2A31BA1E1409BE000C109F /* Frameworks */,
				8C2A31BB1E1409BE000C109F /* Resources */,
			);
			buildRules = (
			);
			dependencies = (
				8C2A31BF1E1409BE000C109F /* PBXTargetDependency */,
			);
			name = RippedUITests;
			productName = RippedUITests;
			productReference = 8C2A31BD1E1409BE000C109F /* RippedUITests.xctest */;
			productType = "com.apple.product-type.bundle.ui-testing";
		};
/* End PBXNativeTarget section */

/* Begin PBXProject section */
		8C2A31961E1409BD000C109F /* Project object */ = {
			isa = PBXProject;
			attributes = {
				LastSwiftUpdateCheck = 0820;
				LastUpgradeCheck = 0820;
				ORGANIZATIONNAME = "Bartlomiej Hyzy";
				TargetAttributes = {
					8C2A319D1E1409BD000C109F = {
						CreatedOnToolsVersion = 8.2.1;
						DevelopmentTeam = VZLQU4VU9L;
						ProvisioningStyle = Automatic;
						SystemCapabilities = {
							com.apple.Keychain = {
								enabled = 1;
							};
						};
					};
					8C2A31B11E1409BE000C109F = {
						CreatedOnToolsVersion = 8.2.1;
						DevelopmentTeam = VZLQU4VU9L;
						ProvisioningStyle = Automatic;
						TestTargetID = 8C2A319D1E1409BD000C109F;
					};
					8C2A31BC1E1409BE000C109F = {
						CreatedOnToolsVersion = 8.2.1;
						DevelopmentTeam = VZLQU4VU9L;
						ProvisioningStyle = Automatic;
						TestTargetID = 8C2A319D1E1409BD000C109F;
					};
				};
			};
			buildConfigurationList = 8C2A31991E1409BD000C109F /* Build configuration list for PBXProject "Ripped" */;
			compatibilityVersion = "Xcode 3.2";
			developmentRegion = English;
			hasScannedForEncodings = 0;
			knownRegions = (
				en,
				Base,
			);
			mainGroup = 8C2A31951E1409BD000C109F;
			productRefGroup = 8C2A319F1E1409BD000C109F /* Products */;
			projectDirPath = "";
			projectRoot = "";
			targets = (
				8C2A319D1E1409BD000C109F /* Ripped */,
				8C2A31B11E1409BE000C109F /* RippedTests */,
				8C2A31BC1E1409BE000C109F /* RippedUITests */,
			);
		};
/* End PBXProject section */

/* Begin PBXResourcesBuildPhase section */
		8C2A319C1E1409BD000C109F /* Resources */ = {
			isa = PBXResourcesBuildPhase;
			buildActionMask = 2147483647;
			files = (
				8C02673F1E152896001901F7 /* Main.storyboard in Resources */,
				8C02675D1E1553E3001901F7 /* ExerciseResultsView.xib in Resources */,
				8C2A31AC1E1409BE000C109F /* LaunchScreen.storyboard in Resources */,
				8C2A31A91E1409BE000C109F /* Assets.xcassets in Resources */,
			);
			runOnlyForDeploymentPostprocessing = 0;
		};
		8C2A31B01E1409BE000C109F /* Resources */ = {
			isa = PBXResourcesBuildPhase;
			buildActionMask = 2147483647;
			files = (
			);
			runOnlyForDeploymentPostprocessing = 0;
		};
		8C2A31BB1E1409BE000C109F /* Resources */ = {
			isa = PBXResourcesBuildPhase;
			buildActionMask = 2147483647;
			files = (
			);
			runOnlyForDeploymentPostprocessing = 0;
		};
/* End PBXResourcesBuildPhase section */

/* Begin PBXSourcesBuildPhase section */
		8C2A319A1E1409BD000C109F /* Sources */ = {
			isa = PBXSourcesBuildPhase;
			buildActionMask = 2147483647;
			files = (
				8C0267561E15486D001901F7 /* ExerciseTableViewCell.swift in Sources */,
				8C2A31A21E1409BD000C109F /* AppDelegate.swift in Sources */,
				8C02673B1E141687001901F7 /* DataProviding.swift in Sources */,
				8C0267331E141015001901F7 /* Week.swift in Sources */,
				8C0267431E152903001901F7 /* ProgramListViewController.swift in Sources */,
				8CA436931E49D77A0052816D /* ProgramViewModel.swift in Sources */,
				8CDE6B5A1E2BA91E003F5672 /* ProgramListViewModel.swift in Sources */,
				8C0267371E141198001901F7 /* Set.swift in Sources */,
				8C0267311E141001001901F7 /* Day.swift in Sources */,
				8C0267581E154E9F001901F7 /* ExerciseResultsView.swift in Sources */,
				8C02672D1E140EF9001901F7 /* Program.swift in Sources */,
				8C02674E1E153F44001901F7 /* CellTitleProviding.swift in Sources */,
				8C0267501E154276001901F7 /* DayViewController.swift in Sources */,
				8CDE6B561E2BA4F3003F5672 /* TableViewController.swift in Sources */,
				8C02673D1E1416E4001901F7 /* MockDataProvider.swift in Sources */,
				8C02674B1E153CB4001901F7 /* WeekViewController.swift in Sources */,
				8CA436991E49DF6C0052816D /* DayViewModel.swift in Sources */,
				8CDE6B581E2BA53C003F5672 /* TableViewModel.swift in Sources */,
				8CA436971E49DDB20052816D /* ProgramViewController.swift in Sources */,
				8CA436951E49DC6C0052816D /* WeekViewModel.swift in Sources */,
				8C0267351E1410D1001901F7 /* Exercise.swift in Sources */,
			);
			runOnlyForDeploymentPostprocessing = 0;
		};
		8C2A31AE1E1409BE000C109F /* Sources */ = {
			isa = PBXSourcesBuildPhase;
			buildActionMask = 2147483647;
			files = (
				8C2A31B71E1409BE000C109F /* RippedTests.swift in Sources */,
			);
			runOnlyForDeploymentPostprocessing = 0;
		};
		8C2A31B91E1409BE000C109F /* Sources */ = {
			isa = PBXSourcesBuildPhase;
			buildActionMask = 2147483647;
			files = (
				8C2A31C21E1409BE000C109F /* RippedUITests.swift in Sources */,
			);
			runOnlyForDeploymentPostprocessing = 0;
		};
/* End PBXSourcesBuildPhase section */

/* Begin PBXTargetDependency section */
		8C2A31B41E1409BE000C109F /* PBXTargetDependency */ = {
			isa = PBXTargetDependency;
			target = 8C2A319D1E1409BD000C109F /* Ripped */;
			targetProxy = 8C2A31B31E1409BE000C109F /* PBXContainerItemProxy */;
		};
		8C2A31BF1E1409BE000C109F /* PBXTargetDependency */ = {
			isa = PBXTargetDependency;
			target = 8C2A319D1E1409BD000C109F /* Ripped */;
			targetProxy = 8C2A31BE1E1409BE000C109F /* PBXContainerItemProxy */;
		};
/* End PBXTargetDependency section */

/* Begin PBXVariantGroup section */
		8C2A31AA1E1409BE000C109F /* LaunchScreen.storyboard */ = {
			isa = PBXVariantGroup;
			children = (
				8C2A31AB1E1409BE000C109F /* Base */,
			);
			name = LaunchScreen.storyboard;
			sourceTree = "<group>";
		};
/* End PBXVariantGroup section */

/* Begin XCBuildConfiguration section */
		8C2A31C41E1409BE000C109F /* Debug */ = {
			isa = XCBuildConfiguration;
			buildSettings = {
				ALWAYS_SEARCH_USER_PATHS = NO;
				CLANG_ANALYZER_NONNULL = YES;
				CLANG_CXX_LANGUAGE_STANDARD = "gnu++0x";
				CLANG_CXX_LIBRARY = "libc++";
				CLANG_ENABLE_MODULES = YES;
				CLANG_ENABLE_OBJC_ARC = YES;
				CLANG_WARN_BOOL_CONVERSION = YES;
				CLANG_WARN_CONSTANT_CONVERSION = YES;
				CLANG_WARN_DIRECT_OBJC_ISA_USAGE = YES_ERROR;
				CLANG_WARN_DOCUMENTATION_COMMENTS = YES;
				CLANG_WARN_EMPTY_BODY = YES;
				CLANG_WARN_ENUM_CONVERSION = YES;
				CLANG_WARN_INFINITE_RECURSION = YES;
				CLANG_WARN_INT_CONVERSION = YES;
				CLANG_WARN_OBJC_ROOT_CLASS = YES_ERROR;
				CLANG_WARN_SUSPICIOUS_MOVE = YES;
				CLANG_WARN_UNREACHABLE_CODE = YES;
				CLANG_WARN__DUPLICATE_METHOD_MATCH = YES;
				"CODE_SIGN_IDENTITY[sdk=iphoneos*]" = "iPhone Developer";
				COPY_PHASE_STRIP = NO;
				DEBUG_INFORMATION_FORMAT = dwarf;
				ENABLE_STRICT_OBJC_MSGSEND = YES;
				ENABLE_TESTABILITY = YES;
				GCC_C_LANGUAGE_STANDARD = gnu99;
				GCC_DYNAMIC_NO_PIC = NO;
				GCC_NO_COMMON_BLOCKS = YES;
				GCC_OPTIMIZATION_LEVEL = 0;
				GCC_PREPROCESSOR_DEFINITIONS = (
					"DEBUG=1",
					"$(inherited)",
				);
				GCC_WARN_64_TO_32_BIT_CONVERSION = YES;
				GCC_WARN_ABOUT_RETURN_TYPE = YES_ERROR;
				GCC_WARN_UNDECLARED_SELECTOR = YES;
				GCC_WARN_UNINITIALIZED_AUTOS = YES_AGGRESSIVE;
				GCC_WARN_UNUSED_FUNCTION = YES;
				GCC_WARN_UNUSED_VARIABLE = YES;
				IPHONEOS_DEPLOYMENT_TARGET = 10.2;
				MTL_ENABLE_DEBUG_INFO = YES;
				ONLY_ACTIVE_ARCH = YES;
				SDKROOT = iphoneos;
				SWIFT_ACTIVE_COMPILATION_CONDITIONS = DEBUG;
				SWIFT_OPTIMIZATION_LEVEL = "-Onone";
			};
			name = Debug;
		};
		8C2A31C51E1409BE000C109F /* Release */ = {
			isa = XCBuildConfiguration;
			buildSettings = {
				ALWAYS_SEARCH_USER_PATHS = NO;
				CLANG_ANALYZER_NONNULL = YES;
				CLANG_CXX_LANGUAGE_STANDARD = "gnu++0x";
				CLANG_CXX_LIBRARY = "libc++";
				CLANG_ENABLE_MODULES = YES;
				CLANG_ENABLE_OBJC_ARC = YES;
				CLANG_WARN_BOOL_CONVERSION = YES;
				CLANG_WARN_CONSTANT_CONVERSION = YES;
				CLANG_WARN_DIRECT_OBJC_ISA_USAGE = YES_ERROR;
				CLANG_WARN_DOCUMENTATION_COMMENTS = YES;
				CLANG_WARN_EMPTY_BODY = YES;
				CLANG_WARN_ENUM_CONVERSION = YES;
				CLANG_WARN_INFINITE_RECURSION = YES;
				CLANG_WARN_INT_CONVERSION = YES;
				CLANG_WARN_OBJC_ROOT_CLASS = YES_ERROR;
				CLANG_WARN_SUSPICIOUS_MOVE = YES;
				CLANG_WARN_UNREACHABLE_CODE = YES;
				CLANG_WARN__DUPLICATE_METHOD_MATCH = YES;
				"CODE_SIGN_IDENTITY[sdk=iphoneos*]" = "iPhone Developer";
				COPY_PHASE_STRIP = NO;
				DEBUG_INFORMATION_FORMAT = "dwarf-with-dsym";
				ENABLE_NS_ASSERTIONS = NO;
				ENABLE_STRICT_OBJC_MSGSEND = YES;
				GCC_C_LANGUAGE_STANDARD = gnu99;
				GCC_NO_COMMON_BLOCKS = YES;
				GCC_WARN_64_TO_32_BIT_CONVERSION = YES;
				GCC_WARN_ABOUT_RETURN_TYPE = YES_ERROR;
				GCC_WARN_UNDECLARED_SELECTOR = YES;
				GCC_WARN_UNINITIALIZED_AUTOS = YES_AGGRESSIVE;
				GCC_WARN_UNUSED_FUNCTION = YES;
				GCC_WARN_UNUSED_VARIABLE = YES;
				IPHONEOS_DEPLOYMENT_TARGET = 10.2;
				MTL_ENABLE_DEBUG_INFO = NO;
				SDKROOT = iphoneos;
				SWIFT_OPTIMIZATION_LEVEL = "-Owholemodule";
				VALIDATE_PRODUCT = YES;
			};
			name = Release;
		};
		8C2A31C71E1409BE000C109F /* Debug */ = {
			isa = XCBuildConfiguration;
			buildSettings = {
				ASSETCATALOG_COMPILER_APPICON_NAME = AppIcon;
				CODE_SIGN_ENTITLEMENTS = Ripped/Ripped.entitlements;
				"CODE_SIGN_IDENTITY[sdk=iphoneos*]" = "iPhone Developer";
				DEVELOPMENT_TEAM = VZLQU4VU9L;
				FRAMEWORK_SEARCH_PATHS = (
					"$(inherited)",
					"$(PROJECT_DIR)",
				);
				INFOPLIST_FILE = Ripped/Info.plist;
				LD_RUNPATH_SEARCH_PATHS = "$(inherited) @executable_path/Frameworks";
				PRODUCT_BUNDLE_IDENTIFIER = com.bhyzy.Ripped;
				PRODUCT_NAME = "$(TARGET_NAME)";
				SWIFT_VERSION = 3.0;
			};
			name = Debug;
		};
		8C2A31C81E1409BE000C109F /* Release */ = {
			isa = XCBuildConfiguration;
			buildSettings = {
				ASSETCATALOG_COMPILER_APPICON_NAME = AppIcon;
				CODE_SIGN_ENTITLEMENTS = Ripped/Ripped.entitlements;
				"CODE_SIGN_IDENTITY[sdk=iphoneos*]" = "iPhone Developer";
				DEVELOPMENT_TEAM = VZLQU4VU9L;
				FRAMEWORK_SEARCH_PATHS = (
					"$(inherited)",
					"$(PROJECT_DIR)",
				);
				INFOPLIST_FILE = Ripped/Info.plist;
				LD_RUNPATH_SEARCH_PATHS = "$(inherited) @executable_path/Frameworks";
				PRODUCT_BUNDLE_IDENTIFIER = com.bhyzy.Ripped;
				PRODUCT_NAME = "$(TARGET_NAME)";
				SWIFT_VERSION = 3.0;
			};
			name = Release;
		};
		8C2A31CA1E1409BE000C109F /* Debug */ = {
			isa = XCBuildConfiguration;
			buildSettings = {
				ALWAYS_EMBED_SWIFT_STANDARD_LIBRARIES = YES;
				BUNDLE_LOADER = "$(TEST_HOST)";
				DEVELOPMENT_TEAM = VZLQU4VU9L;
				INFOPLIST_FILE = RippedTests/Info.plist;
				LD_RUNPATH_SEARCH_PATHS = "$(inherited) @executable_path/Frameworks @loader_path/Frameworks";
				PRODUCT_BUNDLE_IDENTIFIER = com.bhyzy.RippedTests;
				PRODUCT_NAME = "$(TARGET_NAME)";
				SWIFT_VERSION = 3.0;
				TEST_HOST = "$(BUILT_PRODUCTS_DIR)/Ripped.app/Ripped";
			};
			name = Debug;
		};
		8C2A31CB1E1409BE000C109F /* Release */ = {
			isa = XCBuildConfiguration;
			buildSettings = {
				ALWAYS_EMBED_SWIFT_STANDARD_LIBRARIES = YES;
				BUNDLE_LOADER = "$(TEST_HOST)";
				DEVELOPMENT_TEAM = VZLQU4VU9L;
				INFOPLIST_FILE = RippedTests/Info.plist;
				LD_RUNPATH_SEARCH_PATHS = "$(inherited) @executable_path/Frameworks @loader_path/Frameworks";
				PRODUCT_BUNDLE_IDENTIFIER = com.bhyzy.RippedTests;
				PRODUCT_NAME = "$(TARGET_NAME)";
				SWIFT_VERSION = 3.0;
				TEST_HOST = "$(BUILT_PRODUCTS_DIR)/Ripped.app/Ripped";
			};
			name = Release;
		};
		8C2A31CD1E1409BE000C109F /* Debug */ = {
			isa = XCBuildConfiguration;
			buildSettings = {
				ALWAYS_EMBED_SWIFT_STANDARD_LIBRARIES = YES;
				DEVELOPMENT_TEAM = VZLQU4VU9L;
				INFOPLIST_FILE = RippedUITests/Info.plist;
				LD_RUNPATH_SEARCH_PATHS = "$(inherited) @executable_path/Frameworks @loader_path/Frameworks";
				PRODUCT_BUNDLE_IDENTIFIER = com.bhyzy.RippedUITests;
				PRODUCT_NAME = "$(TARGET_NAME)";
				SWIFT_VERSION = 3.0;
				TEST_TARGET_NAME = Ripped;
			};
			name = Debug;
		};
		8C2A31CE1E1409BE000C109F /* Release */ = {
			isa = XCBuildConfiguration;
			buildSettings = {
				ALWAYS_EMBED_SWIFT_STANDARD_LIBRARIES = YES;
				DEVELOPMENT_TEAM = VZLQU4VU9L;
				INFOPLIST_FILE = RippedUITests/Info.plist;
				LD_RUNPATH_SEARCH_PATHS = "$(inherited) @executable_path/Frameworks @loader_path/Frameworks";
				PRODUCT_BUNDLE_IDENTIFIER = com.bhyzy.RippedUITests;
				PRODUCT_NAME = "$(TARGET_NAME)";
				SWIFT_VERSION = 3.0;
				TEST_TARGET_NAME = Ripped;
			};
			name = Release;
		};
/* End XCBuildConfiguration section */

/* Begin XCConfigurationList section */
		8C2A31991E1409BD000C109F /* Build configuration list for PBXProject "Ripped" */ = {
			isa = XCConfigurationList;
			buildConfigurations = (
				8C2A31C41E1409BE000C109F /* Debug */,
				8C2A31C51E1409BE000C109F /* Release */,
			);
			defaultConfigurationIsVisible = 0;
			defaultConfigurationName = Release;
		};
		8C2A31C61E1409BE000C109F /* Build configuration list for PBXNativeTarget "Ripped" */ = {
			isa = XCConfigurationList;
			buildConfigurations = (
				8C2A31C71E1409BE000C109F /* Debug */,
				8C2A31C81E1409BE000C109F /* Release */,
			);
			defaultConfigurationIsVisible = 0;
			defaultConfigurationName = Release;
		};
		8C2A31C91E1409BE000C109F /* Build configuration list for PBXNativeTarget "RippedTests" */ = {
			isa = XCConfigurationList;
			buildConfigurations = (
				8C2A31CA1E1409BE000C109F /* Debug */,
				8C2A31CB1E1409BE000C109F /* Release */,
			);
			defaultConfigurationIsVisible = 0;
			defaultConfigurationName = Release;
		};
		8C2A31CC1E1409BE000C109F /* Build configuration list for PBXNativeTarget "RippedUITests" */ = {
			isa = XCConfigurationList;
			buildConfigurations = (
				8C2A31CD1E1409BE000C109F /* Debug */,
				8C2A31CE1E1409BE000C109F /* Release */,
			);
			defaultConfigurationIsVisible = 0;
			defaultConfigurationName = Release;
		};
/* End XCConfigurationList section */
	};
	rootObject = 8C2A31961E1409BD000C109F /* Project object */;
}
